
Microsoft Visual Studio Solution File, Format Version 12.00
# Visual Studio Version 16
VisualStudioVersion = 25.0.1706.0
MinimumVisualStudioVersion = 10.0.40219.1
Project("{FAE04EC0-301F-11D3-BF4B-00C04F79EFBC}") = "StaDTs", "StaDTs\StaDTs.csproj", "{0EE296DC-5F7C-4B06-9758-0D776D46CE1E}"
EndProject
Project("{FAE04EC0-301F-11D3-BF4B-00C04F79EFBC}") = "StaDTs.Example", "StaDTs.Example\StaDTs.Example.csproj", "{EEB3E9A1-B4F5-4F3D-9ED2-843B677C3635}"
EndProject
Project("{FAE04EC0-301F-11D3-BF4B-00C04F79EFBC}") = "StaDTs.Benchmarks", "StaDTs.Benchmarks\StaDTs.Benchmarks.csproj", "{93B813AB-9930-4F09-9D46-954A21B98741}"
EndProject
Global
	GlobalSection(SolutionConfigurationPlatforms) = preSolution
		Debug|Any CPU = Debug|Any CPU
		Release|Any CPU = Release|Any CPU
	EndGlobalSection
	GlobalSection(ProjectConfigurationPlatforms) = postSolution
		{0EE296DC-5F7C-4B06-9758-0D776D46CE1E}.Debug|Any CPU.ActiveCfg = Debug|Any CPU
		{0EE296DC-5F7C-4B06-9758-0D776D46CE1E}.Debug|Any CPU.Build.0 = Debug|Any CPU
		{0EE296DC-5F7C-4B06-9758-0D776D46CE1E}.Release|Any CPU.ActiveCfg = Release|Any CPU
		{0EE296DC-5F7C-4B06-9758-0D776D46CE1E}.Release|Any CPU.Build.0 = Release|Any CPU
		{EEB3E9A1-B4F5-4F3D-9ED2-843B677C3635}.Debug|Any CPU.ActiveCfg = Debug|Any CPU
		{EEB3E9A1-B4F5-4F3D-9ED2-843B677C3635}.Debug|Any CPU.Build.0 = Debug|Any CPU
		{EEB3E9A1-B4F5-4F3D-9ED2-843B677C3635}.Release|Any CPU.ActiveCfg = Release|Any CPU
		{EEB3E9A1-B4F5-4F3D-9ED2-843B677C3635}.Release|Any CPU.Build.0 = Release|Any CPU
		{93B813AB-9930-4F09-9D46-954A21B98741}.Debug|Any CPU.ActiveCfg = Debug|Any CPU
		{93B813AB-9930-4F09-9D46-954A21B98741}.Debug|Any CPU.Build.0 = Debug|Any CPU
		{93B813AB-9930-4F09-9D46-954A21B98741}.Release|Any CPU.ActiveCfg = Release|Any CPU
		{93B813AB-9930-4F09-9D46-954A21B98741}.Release|Any CPU.Build.0 = Release|Any CPU
	EndGlobalSection
	GlobalSection(SolutionProperties) = preSolution
		HideSolutionNode = FALSE
	EndGlobalSection
	GlobalSection(ExtensibilityGlobals) = postSolution
		SolutionGuid = {5015636A-B541-4122-A279-C5FAF94D4BA4}
	EndGlobalSection
EndGlobal
